# THIS IS AN AUTOGENERATED FILE. DO NOT EDIT THIS FILE DIRECTLY.
# yarn lockfile v1


debug@^3.2.6:
  version "3.2.6"
  resolved "https://registry.npmjs.org/debug/-/debug-3.2.6.tgz#e83d17de16d8a7efb7717edbe5fb10135eee629b"
  integrity sha512-mel+jf7nrtEl5Pn1Qx46zARXKDpBbvzezse7p7LqINmdoIk8PYP5SySaxEmYv6TZ0JyEKA1hsCId6DIhgITtWQ==
  dependencies:
    ms "^2.1.1"

get-value@^3.0.1:
  version "3.0.1"
  resolved "https://registry.npmjs.org/get-value/-/get-value-3.0.1.tgz#5efd2a157f1d6a516d7524e124ac52d0a39ef5a8"
  integrity sha512-mKZj9JLQrwMBtj5wxi6MH8Z5eSKaERpAwjg43dPtlGI1ZVEgH/qC7T8/6R2OBSUA+zzHBZgICsVJaEIV2tKTDA==
  dependencies:
    isobject "^3.0.1"

gists@^2.0.0:
  version "2.0.0"
  resolved "https://registry.npmjs.org/gists/-/gists-2.0.0.tgz#aed0aae67cf325377d01938f1c38dd1f5516dea8"
  integrity sha512-EVSWDpq2/H9ITsXsjdPo9+i2MI9U4E6DirXwR7/t6Mqgnynlh9ta6RMyezIINVNhkXZTCttmiSISd7JNkI2rQw==
  dependencies:
    github-base "^1.0.0"

github-base@^1.0.0:
  version "1.0.0"
  resolved "https://registry.npmjs.org/github-base/-/github-base-1.0.0.tgz#346708527a192932c93878d9a45b765a1018d3e0"
  integrity sha512-5A9OOCQWK80v+bjVRzdK0M/5UtERN9vx9TkJMlkiJA24wu/+lrQLsq5MPQIrSONrSWwt83eAPtBcuQOc2FyK8A==
  dependencies:
    get-value "^3.0.1"
    needle "^2.2.2"
    paged-request "^1.0.2"
    parse-link-header "^1.0.1"
    qs "^6.5.1"
    use "^3.1.0"

iconv-lite@^0.4.4:
  version "0.4.24"
  resolved "https://registry.npmjs.org/iconv-lite/-/iconv-lite-0.4.24.tgz#2022b4b25fbddc21d2f524974a474aafe733908b"
  integrity sha512-v3MXnZAcvnywkTUEZomIActle7RXXeedOR31wwl7VlyoXO4Qi9arvSenNQWne1TcRwhCL1HwLI21bEqdpj8/rA==
  dependencies:
    safer-buffer ">= 2.1.2 < 3"

isobject@^3.0.1:
  version "3.0.1"
  resolved "https://registry.npmjs.org/isobject/-/isobject-3.0.1.tgz#4e431e92b11a9731636aa1f9c8d1ccbcfdab78df"
  integrity sha1-TkMekrEalzFjaqH5yNHMvP2reN8=

ms@^2.1.1:
  version "2.1.2"
  resolved "https://registry.npmjs.org/ms/-/ms-2.1.2.tgz#d09d1f357b443f493382a8eb3ccd183872ae6009"
  integrity sha512-sGkPx+VjMtmA6MX27oA4FBFELFCZZ4S4XqeGOXCv68tT+jb3vk/RyaKWP0PTKyWtmLSM0b+adUTEvbs1PEaH2w==

needle@^2.1.1, needle@^2.2.2:
  version "2.5.2"
  resolved "https://registry.npmjs.org/needle/-/needle-2.5.2.tgz#cf1a8fce382b5a280108bba90a14993c00e4010a"
  integrity sha512-LbRIwS9BfkPvNwNHlsA41Q29kL2L/6VaOJ0qisM5lLWsTV3nP15abO5ITL6L81zqFhzjRKDAYjpcBcwM0AVvLQ==
  dependencies:
    debug "^3.2.6"
    iconv-lite "^0.4.4"
    sax "^1.2.4"

paged-request@^1.0.2:
  version "1.0.2"
  resolved "https://registry.npmjs.org/paged-request/-/paged-request-1.0.2.tgz#c55479e4482cd02495b84bd53b59a4059579ecae"
  integrity sha512-2NXKpT0pWoVo31LQhGOfsqD8wViifq6Ml28H8WrqY0GbMvltvpDPx1YZ6jMeVXNbywjECdEhmC2/uFFS1MdMFQ==
  dependencies:
    needle "^2.1.1"

parse-link-header@^1.0.1:
  version "1.0.1"
  resolved "https://registry.npmjs.org/parse-link-header/-/parse-link-header-1.0.1.tgz#bedfe0d2118aeb84be75e7b025419ec8a61140a7"
  integrity sha1-vt/g0hGK64S+deewJUGeyKYRQKc=
  dependencies:
    xtend "~4.0.1"

qs@^6.5.1:
  version "6.9.4"
  resolved "https://registry.npmjs.org/qs/-/qs-6.9.4.tgz#9090b290d1f91728d3c22e54843ca44aea5ab687"
  integrity sha512-A1kFqHekCTM7cz0udomYUoYNWjBebHm/5wzU/XqrBRBNWectVH0QIiN+NEcZ0Dte5hvzHwbr8+XQmguPhJ6WdQ==

"safer-buffer@>= 2.1.2 < 3":
  version "2.1.2"
  resolved "https://registry.npmjs.org/safer-buffer/-/safer-buffer-2.1.2.tgz#44fa161b0187b9549dd84bb91802f9bd8385cd6a"
  integrity sha512-YZo3K82SD7Riyi0E1EQPojLz7kpepnSQI9IyPbHHg1XXXevb5dJI7tpyN2ADxGcQbHG7vcyRHk0cbwqcQriUtg==

sax@^1.2.4:
  version "1.2.4"
  resolved "https://registry.npmjs.org/sax/-/sax-1.2.4.tgz#2816234e2378bddc4e5354fab5caa895df7100d9"
  integrity sha512-NqVDv9TpANUjFm0N8uM5GxL36UgKi9/atZw+x7YFnQ8ckwFGKrl4xX4yWtrey3UJm5nP1kUbnYgLopqWNSRhWw==

use@^3.1.0:
  version "3.1.1"
  resolved "https://registry.npmjs.org/use/-/use-3.1.1.tgz#d50c8cac79a19fbc20f2911f56eb973f4e10070f"
  integrity sha512-cwESVXlO3url9YWlFW/TA9cshCEhtu7IKJ/p5soJ/gGpj7vbvFrAY/eIioQ6Dw23KjZhYgiIo8HOs1nQ2vr/oQ==

xtend@~4.0.1:
  version "4.0.2"
  resolved "https://registry.npmjs.org/xtend/-/xtend-4.0.2.tgz#bb72779f5fa465186b1f438f674fa347fdb5db54"
  integrity sha512-LKYU1iAXJXUgAXn9URjiu+MWhyUXHsvfp7mcuYm9dSUKK0/CjtrUwFAxD82/mCWbtLsGjFIad0wIsod4zrTAEQ==
